
Microsoft Visual Studio Solution File, Format Version 12.00
# Visual Studio 14
VisualStudioVersion = 14.0.25420.1
MinimumVisualStudioVersion = 10.0.40219.1
Project("{FAE04EC0-301F-11D3-BF4B-00C04F79EFBC}") = "OtelUygulamasi", "OtelUygulamasi\OtelUygulamasi.csproj", "{CA499613-7E64-4BB7-9574-D4D799FA446A}"
	ProjectSection(ProjectDependencies) = postProject
		{396F7DCD-DFEC-43BC-86D7-2F95EEAFCB9F} = {396F7DCD-DFEC-43BC-86D7-2F95EEAFCB9F}
	EndProjectSection
EndProject
Project("{FAE04EC0-301F-11D3-BF4B-00C04F79EFBC}") = "ServiceLayer", "ServiceLayer\ServiceLayer.csproj", "{396F7DCD-DFEC-43BC-86D7-2F95EEAFCB9F}"
EndProject
Global
	GlobalSection(SolutionConfigurationPlatforms) = preSolution
		Debug|Any CPU = Debug|Any CPU
		Release|Any CPU = Release|Any CPU
	EndGlobalSection
	GlobalSection(ProjectConfigurationPlatforms) = postSolution
		{CA499613-7E64-4BB7-9574-D4D799FA446A}.Debug|Any CPU.ActiveCfg = Debug|Any CPU
		{CA499613-7E64-4BB7-9574-D4D799FA446A}.Debug|Any CPU.Build.0 = Debug|Any CPU
		{CA499613-7E64-4BB7-9574-D4D799FA446A}.Release|Any CPU.ActiveCfg = Release|Any CPU
		{CA499613-7E64-4BB7-9574-D4D799FA446A}.Release|Any CPU.Build.0 = Release|Any CPU
		{396F7DCD-DFEC-43BC-86D7-2F95EEAFCB9F}.Debug|Any CPU.ActiveCfg = Debug|Any CPU
		{396F7DCD-DFEC-43BC-86D7-2F95EEAFCB9F}.Debug|Any CPU.Build.0 = Debug|Any CPU
		{396F7DCD-DFEC-43BC-86D7-2F95EEAFCB9F}.Release|Any CPU.ActiveCfg = Release|Any CPU
		{396F7DCD-DFEC-43BC-86D7-2F95EEAFCB9F}.Release|Any CPU.Build.0 = Release|Any CPU
	EndGlobalSection
	GlobalSection(SolutionProperties) = preSolution
		HideSolutionNode = FALSE
	EndGlobalSection
EndGlobal
